schema: '2.0'
stages:
  data_ingestion:
    cmd: python src/FraudDetectionAI/pipeline/stage_01_data_ingestion.py
    deps:
    - path: config/config.yaml
      hash: md5
      md5: 1cb3607f2c6afd6f592f998bfb4e63e2
      size: 1173
    - path: src/FraudDetectionAI/components/data_ingestion.py
      hash: md5
      md5: 4c406f0a0faa81d7f3ddb9adf56390d8
      size: 1236
    - path: src/FraudDetectionAI/pipeline/stage_01_data_ingestion.py
      hash: md5
      md5: 247dbf2fabb6bb62d37c403241c62413
      size: 857
    outs:
    - path: artifacts/data_ingestion/dataset
      hash: md5
      md5: 26a595de8c32cce09174f0d91250f56b.dir
      size: 1354953156
      nfiles: 5
  data_preprocessing:
    cmd: python src/FraudDetectionAI/pipeline/stage_02_data_preprocessing.py
    deps:
    - path: artifacts/data_ingestion/dataset
      hash: md5
      md5: 26a595de8c32cce09174f0d91250f56b.dir
      size: 1354953156
      nfiles: 5
    - path: config/config.yaml
      hash: md5
      md5: 1cb3607f2c6afd6f592f998bfb4e63e2
      size: 1173
    - path: src/FraudDetectionAI/components/data_preprocessing.py
      hash: md5
      md5: f7220003ddcff5cad276547d70662619
      size: 11250
    - path: src/FraudDetectionAI/pipeline/stage_02_data_preprocessing.py
      hash: md5
      md5: 8765a06033b3c66cd4e74ec27aa7ee53
      size: 915
    outs:
    - path: artifacts/data_preprocessing/test_preprocessed.csv
      hash: md5
      md5: c8613f1f3326666cc64bc489a2c876db
      size: 938380319
    - path: artifacts/data_preprocessing/train_preprocessed.csv
      hash: md5
      md5: c8b59aa3b03f70ec8f1b9425b9563a8e
      size: 870042579
    - path: artifacts/data_preprocessing/val_preprocessed.csv
      hash: md5
      md5: 3a598ef1f40a4b8588bd30bf8e56a5ca
      size: 218757864
  model_trainer:
    cmd: python src/FraudDetectionAI/pipeline/stage_03_model_trainer.py
    deps:
    - path: artifacts/data_preprocessing/train_preprocessed.csv
      hash: md5
      md5: c8b59aa3b03f70ec8f1b9425b9563a8e
      size: 870042579
    - path: artifacts/data_preprocessing/val_preprocessed.csv
      hash: md5
      md5: 3a598ef1f40a4b8588bd30bf8e56a5ca
      size: 218757864
    - path: config/config.yaml
      hash: md5
      md5: 1e9ce6d9784800140af6a1bf5071afc7
      size: 1295
    - path: src/FraudDetectionAI/components/model_trainer.py
      hash: md5
      md5: dc3f126985678b01744cf072cabeaf0d
      size: 4023
    - path: src/FraudDetectionAI/pipeline/stage_03_model_trainer.py
      hash: md5
      md5: 1c72f3a8704cf303ab3e2f0dba331be4
      size: 843
    params:
      params.yaml:
        LightGBM.colsample_bytree:
        - 0.8
        - 1.0
        LightGBM.learning_rate:
        - 0.01
        - 0.05
        - 0.1
        LightGBM.max_depth:
        - -1
        - 7
        - 10
        LightGBM.min_child_samples:
        - 20
        - 50
        - 100
        LightGBM.n_estimators: 1000
        LightGBM.n_iter_search: 3
        LightGBM.num_leaves:
        - 31
        - 63
        - 127
        LightGBM.subsample:
        - 0.8
        - 1.0
    outs:
    - path: artifacts/model_trainer/calibrated_model.joblib
      hash: md5
      md5: a1433f7b15c072186d43b7b801b7e7dc
      size: 2661954
    - path: artifacts/model_trainer/model.joblib
      hash: md5
      md5: ea67c4ca8b10439fd5108842928fa401
      size: 2626804
  model_evaluation:
    cmd: python src/FraudDetectionAI/pipeline/stage_04_model_evaluation.py
    deps:
    - path: artifacts/data_preprocessing/val_preprocessed.csv
      hash: md5
      md5: 3a598ef1f40a4b8588bd30bf8e56a5ca
      size: 218757864
    - path: artifacts/model_trainer/calibrated_model.joblib
      hash: md5
      md5: a1433f7b15c072186d43b7b801b7e7dc
      size: 2661954
    - path: artifacts/model_trainer/model.joblib
      hash: md5
      md5: ea67c4ca8b10439fd5108842928fa401
      size: 2626804
    - path: config/config.yaml
      hash: md5
      md5: 1e9ce6d9784800140af6a1bf5071afc7
      size: 1295
    - path: src/FraudDetectionAI/components/model_evaluation.py
      hash: md5
      md5: e2a9cfbe4bc9c30083e1f729522e5674
      size: 9193
    - path: src/FraudDetectionAI/pipeline/stage_04_model_evaluation.py
      hash: md5
      md5: ce675b0c7ace329528e8aca748c79c75
      size: 875
    outs:
    - path: artifacts/model_evaluation/metrics.json
      hash: md5
      md5: df44dbbe61867f4d2d7dbb12ff6031a2
      size: 612
    - path: artifacts/model_evaluation/plots
      hash: md5
      md5: 7e2ed385c7b4bc2729c953fc4bb6c40b.dir
      size: 294309
      nfiles: 5
    - path: artifacts/model_evaluation/threshold_optimization.csv
      hash: md5
      md5: 0da6145bc1db5564e94e56a021d0619b
      size: 13139
