schema: '2.0'
stages:
  data_ingestion:
    cmd: python src/FraudDetectionAI/pipeline/stage_01_data_ingestion.py
    deps:
    - path: config/config.yaml
      hash: md5
      md5: c5e540dc8b9f4427a91820c5df1d2702
      size: 1312
    - path: src/FraudDetectionAI/components/data_ingestion.py
      hash: md5
      md5: 4c406f0a0faa81d7f3ddb9adf56390d8
      size: 1236
    - path: src/FraudDetectionAI/pipeline/stage_01_data_ingestion.py
      hash: md5
      md5: 247dbf2fabb6bb62d37c403241c62413
      size: 857
    outs:
    - path: artifacts/data_ingestion/dataset
      hash: md5
      md5: 26a595de8c32cce09174f0d91250f56b.dir
      size: 1354953156
      nfiles: 5
  data_preprocessing:
    cmd: python src/FraudDetectionAI/pipeline/stage_02_data_preprocessing.py
    deps:
    - path: artifacts/data_ingestion/dataset
      hash: md5
      md5: 26a595de8c32cce09174f0d91250f56b.dir
      size: 1354953156
      nfiles: 5
    - path: config/config.yaml
      hash: md5
      md5: c5e540dc8b9f4427a91820c5df1d2702
      size: 1312
    - path: src/FraudDetectionAI/components/data_preprocessing.py
      hash: md5
      md5: 0814a37ec071d7dadafefa4317df219d
      size: 14971
    - path: src/FraudDetectionAI/pipeline/stage_02_data_preprocessing.py
      hash: md5
      md5: 8765a06033b3c66cd4e74ec27aa7ee53
      size: 915
    outs:
    - path: artifacts/data_preprocessing/test_preprocessed.csv
      hash: md5
      md5: ac406ee84749629d0d108771e183e98c
      size: 1057375579
    - path: artifacts/data_preprocessing/train_preprocessed.csv
      hash: md5
      md5: fd6de298504cd3ac76bea3b2fc26fa09
      size: 980068462
    - path: artifacts/data_preprocessing/val_preprocessed.csv
      hash: md5
      md5: 788c358b65127696f70ec69839fd6e98
      size: 246526641
  model_trainer:
    cmd: python src/FraudDetectionAI/pipeline/stage_03_model_trainer.py
    deps:
    - path: artifacts/data_preprocessing/train_preprocessed.csv
      hash: md5
      md5: fd6de298504cd3ac76bea3b2fc26fa09
      size: 980068462
    - path: artifacts/data_preprocessing/val_preprocessed.csv
      hash: md5
      md5: 788c358b65127696f70ec69839fd6e98
      size: 246526641
    - path: config/config.yaml
      hash: md5
      md5: c5e540dc8b9f4427a91820c5df1d2702
      size: 1312
    - path: src/FraudDetectionAI/components/model_trainer.py
      hash: md5
      md5: f57797901e7761e892f685d7279b2c69
      size: 5113
    - path: src/FraudDetectionAI/pipeline/stage_03_model_trainer.py
      hash: md5
      md5: 1c72f3a8704cf303ab3e2f0dba331be4
      size: 843
    params:
      params.yaml:
        LightGBM.colsample_bytree:
        - 0.6
        - 0.8
        - 1.0
        LightGBM.learning_rate:
        - 0.01
        - 0.05
        - 0.1
        LightGBM.max_depth:
        - -1
        - 10
        - 15
        LightGBM.min_child_samples:
        - 20
        - 50
        - 100
        LightGBM.n_estimators:
        - 300
        - 500
        - 1000
        LightGBM.n_iter_search: 10
        LightGBM.num_leaves:
        - 31
        - 63
        - 127
        LightGBM.subsample:
        - 0.8
        - 1.0
    outs:
    - path: artifacts/model_trainer/calibrated_model.joblib
      hash: md5
      md5: 761aebc85d82aecea377945f074bd331
      size: 1205254
    - path: artifacts/model_trainer/model.joblib
      hash: md5
      md5: b26efaa1b86988124908e4e07857c0cf
      size: 1181428
    - path: artifacts/model_trainer/selected_features.json
      hash: md5
      md5: 6fa9bd4898b1fd453296394fe1797732
      size: 2438
  model_evaluation:
    cmd: python src/FraudDetectionAI/pipeline/stage_04_model_evaluation.py
    deps:
    - path: artifacts/data_preprocessing/val_preprocessed.csv
      hash: md5
      md5: 788c358b65127696f70ec69839fd6e98
      size: 246526641
    - path: artifacts/model_trainer/calibrated_model.joblib
      hash: md5
      md5: 761aebc85d82aecea377945f074bd331
      size: 1205254
    - path: artifacts/model_trainer/model.joblib
      hash: md5
      md5: b26efaa1b86988124908e4e07857c0cf
      size: 1181428
    - path: config/config.yaml
      hash: md5
      md5: c5e540dc8b9f4427a91820c5df1d2702
      size: 1312
    - path: src/FraudDetectionAI/components/model_evaluation.py
      hash: md5
      md5: f37b124cbaff2e63fe17a26735421522
      size: 11617
    - path: src/FraudDetectionAI/pipeline/stage_04_model_evaluation.py
      hash: md5
      md5: 33118d0278b72537685344a2496ef60b
      size: 928
    outs:
    - path: artifacts/model_evaluation/metrics.json
      hash: md5
      md5: 7f419e18da8fcc47e6748f5bad1ed7e3
      size: 629
    - path: artifacts/model_evaluation/plots
      hash: md5
      md5: 604acad34bd09def073c135b23872655.dir
      size: 284318
      nfiles: 5
    - path: artifacts/model_evaluation/threshold_optimization.csv
      hash: md5
      md5: 0902fd26b9c29b7e9a73c6571e431164
      size: 13151
